
Microsoft Visual Studio Solution File, Format Version 12.00
# Visual Studio Version 16
VisualStudioVersion = 16.0.31729.503
MinimumVisualStudioVersion = 10.0.40219.1
Project("{FAE04EC0-301F-11D3-BF4B-00C04F79EFBC}") = "Schedulizer.Core", "Schedulizer.Core\Schedulizer.Core.csproj", "{A111D4E1-561F-405F-8FA4-6111A1D329B3}"
EndProject
Project("{FAE04EC0-301F-11D3-BF4B-00C04F79EFBC}") = "Schedulizer.Exporter", "Schedulizer.Exporter\Schedulizer.Exporter.csproj", "{4641996C-B83D-4039-AD25-A21E410116AA}"
EndProject
Project("{FAE04EC0-301F-11D3-BF4B-00C04F79EFBC}") = "Schedulizer.Client", "Schedulizer.Client\Schedulizer.Client.csproj", "{B69C2C7F-D2BC-4F05-BCCB-24B2583277CE}"
EndProject
Project("{2150E333-8FDC-42A3-9474-1A3956D46DE8}") = "Libraries", "Libraries", "{3F57E3A7-E31A-4520-A3C4-CF86A0796EDD}"
EndProject
Project("{FAE04EC0-301F-11D3-BF4B-00C04F79EFBC}") = "ShomreiTorah.Common", "..\..\Libraries\ShomreiTorah.Common\ShomreiTorah.Common.csproj", "{1308A6E1-7787-49F6-A19C-8AF327DAF9B5}"
EndProject
Project("{FAE04EC0-301F-11D3-BF4B-00C04F79EFBC}") = "ShomreiTorah.WinForms", "..\..\Libraries\ShomreiTorah.WinForms\ShomreiTorah.WinForms.csproj", "{0B927F97-8CDD-47CB-B775-CA1E0AB2409C}"
EndProject
Project("{FAE04EC0-301F-11D3-BF4B-00C04F79EFBC}") = "ShomreiTorah.Administration", "..\..\Libraries\ShomreiTorah.Administration\ShomreiTorah.Administration.csproj", "{C3F42838-56D1-49F4-A8CA-11242ECB76E1}"
EndProject
Project("{FAE04EC0-301F-11D3-BF4B-00C04F79EFBC}") = "Schedulizer.Dumper", "Schedulizer.Dumper\Schedulizer.Dumper.csproj", "{368DED7D-B870-455E-9EF0-A6F8901C7A3C}"
EndProject
Project("{FAE04EC0-301F-11D3-BF4B-00C04F79EFBC}") = "Schedulizer.Debugger", "Schedulizer.Debugger\Schedulizer.Debugger.csproj", "{9A4E45CB-1DBA-43AA-A64E-F1603BE9689C}"
EndProject
Global
	GlobalSection(SolutionConfigurationPlatforms) = preSolution
		Debug|Any CPU = Debug|Any CPU
		Release|Any CPU = Release|Any CPU
	EndGlobalSection
	GlobalSection(ProjectConfigurationPlatforms) = postSolution
		{A111D4E1-561F-405F-8FA4-6111A1D329B3}.Debug|Any CPU.ActiveCfg = Debug|Any CPU
		{A111D4E1-561F-405F-8FA4-6111A1D329B3}.Debug|Any CPU.Build.0 = Debug|Any CPU
		{A111D4E1-561F-405F-8FA4-6111A1D329B3}.Release|Any CPU.ActiveCfg = Release|Any CPU
		{A111D4E1-561F-405F-8FA4-6111A1D329B3}.Release|Any CPU.Build.0 = Release|Any CPU
		{4641996C-B83D-4039-AD25-A21E410116AA}.Debug|Any CPU.ActiveCfg = Debug|Any CPU
		{4641996C-B83D-4039-AD25-A21E410116AA}.Debug|Any CPU.Build.0 = Debug|Any CPU
		{4641996C-B83D-4039-AD25-A21E410116AA}.Release|Any CPU.ActiveCfg = Release|Any CPU
		{4641996C-B83D-4039-AD25-A21E410116AA}.Release|Any CPU.Build.0 = Release|Any CPU
		{B69C2C7F-D2BC-4F05-BCCB-24B2583277CE}.Debug|Any CPU.ActiveCfg = Debug|Any CPU
		{B69C2C7F-D2BC-4F05-BCCB-24B2583277CE}.Debug|Any CPU.Build.0 = Debug|Any CPU
		{B69C2C7F-D2BC-4F05-BCCB-24B2583277CE}.Release|Any CPU.ActiveCfg = Release|Any CPU
		{B69C2C7F-D2BC-4F05-BCCB-24B2583277CE}.Release|Any CPU.Build.0 = Release|Any CPU
		{1308A6E1-7787-49F6-A19C-8AF327DAF9B5}.Debug|Any CPU.ActiveCfg = Debug|Any CPU
		{1308A6E1-7787-49F6-A19C-8AF327DAF9B5}.Debug|Any CPU.Build.0 = Debug|Any CPU
		{1308A6E1-7787-49F6-A19C-8AF327DAF9B5}.Release|Any CPU.ActiveCfg = Release|Any CPU
		{1308A6E1-7787-49F6-A19C-8AF327DAF9B5}.Release|Any CPU.Build.0 = Release|Any CPU
		{0B927F97-8CDD-47CB-B775-CA1E0AB2409C}.Debug|Any CPU.ActiveCfg = Debug|Any CPU
		{0B927F97-8CDD-47CB-B775-CA1E0AB2409C}.Debug|Any CPU.Build.0 = Debug|Any CPU
		{0B927F97-8CDD-47CB-B775-CA1E0AB2409C}.Release|Any CPU.ActiveCfg = Release|Any CPU
		{0B927F97-8CDD-47CB-B775-CA1E0AB2409C}.Release|Any CPU.Build.0 = Release|Any CPU
		{C3F42838-56D1-49F4-A8CA-11242ECB76E1}.Debug|Any CPU.ActiveCfg = Debug|Any CPU
		{C3F42838-56D1-49F4-A8CA-11242ECB76E1}.Debug|Any CPU.Build.0 = Debug|Any CPU
		{C3F42838-56D1-49F4-A8CA-11242ECB76E1}.Release|Any CPU.ActiveCfg = Release|Any CPU
		{C3F42838-56D1-49F4-A8CA-11242ECB76E1}.Release|Any CPU.Build.0 = Release|Any CPU
		{368DED7D-B870-455E-9EF0-A6F8901C7A3C}.Debug|Any CPU.ActiveCfg = Debug|Any CPU
		{368DED7D-B870-455E-9EF0-A6F8901C7A3C}.Debug|Any CPU.Build.0 = Debug|Any CPU
		{368DED7D-B870-455E-9EF0-A6F8901C7A3C}.Release|Any CPU.ActiveCfg = Release|Any CPU
		{368DED7D-B870-455E-9EF0-A6F8901C7A3C}.Release|Any CPU.Build.0 = Release|Any CPU
		{9A4E45CB-1DBA-43AA-A64E-F1603BE9689C}.Debug|Any CPU.ActiveCfg = Debug|Any CPU
		{9A4E45CB-1DBA-43AA-A64E-F1603BE9689C}.Debug|Any CPU.Build.0 = Debug|Any CPU
		{9A4E45CB-1DBA-43AA-A64E-F1603BE9689C}.Release|Any CPU.ActiveCfg = Release|Any CPU
		{9A4E45CB-1DBA-43AA-A64E-F1603BE9689C}.Release|Any CPU.Build.0 = Release|Any CPU
	EndGlobalSection
	GlobalSection(SolutionProperties) = preSolution
		HideSolutionNode = FALSE
	EndGlobalSection
	GlobalSection(NestedProjects) = preSolution
		{1308A6E1-7787-49F6-A19C-8AF327DAF9B5} = {3F57E3A7-E31A-4520-A3C4-CF86A0796EDD}
		{0B927F97-8CDD-47CB-B775-CA1E0AB2409C} = {3F57E3A7-E31A-4520-A3C4-CF86A0796EDD}
		{C3F42838-56D1-49F4-A8CA-11242ECB76E1} = {3F57E3A7-E31A-4520-A3C4-CF86A0796EDD}
	EndGlobalSection
	GlobalSection(ExtensibilityGlobals) = postSolution
		SolutionGuid = {6D1A6A9E-BB80-4195-A0D9-8FC0DC4BA030}
	EndGlobalSection
EndGlobal
